
Microsoft Visual Studio Solution File, Format Version 12.00
# Visual Studio Version 16
VisualStudioVersion = 16.0.31702.278
MinimumVisualStudioVersion = 10.0.40219.1
Project("{FAE04EC0-301F-11D3-BF4B-00C04F79EFBC}") = "TMF.SmartAssistant.Bot", "TMF.SmartAssistant.Bot\TMF.SmartAssistant.Bot.csproj", "{545B49C1-4B4D-410C-8877-B9845569FDB5}"
EndProject
Global
	GlobalSection(SolutionConfigurationPlatforms) = preSolution
		Debug|Any CPU = Debug|Any CPU
		Release|Any CPU = Release|Any CPU
	EndGlobalSection
	GlobalSection(ProjectConfigurationPlatforms) = postSolution
		{545B49C1-4B4D-410C-8877-B9845569FDB5}.Debug|Any CPU.ActiveCfg = Debug|Any CPU
		{545B49C1-4B4D-410C-8877-B9845569FDB5}.Debug|Any CPU.Build.0 = Debug|Any CPU
		{545B49C1-4B4D-410C-8877-B9845569FDB5}.Release|Any CPU.ActiveCfg = Release|Any CPU
		{545B49C1-4B4D-410C-8877-B9845569FDB5}.Release|Any CPU.Build.0 = Release|Any CPU
	EndGlobalSection
	GlobalSection(SolutionProperties) = preSolution
		HideSolutionNode = FALSE
	EndGlobalSection
	GlobalSection(ExtensibilityGlobals) = postSolution
		SolutionGuid = {42F561D7-D9E8-4E6E-955C-E2B77362D2EC}
	EndGlobalSection
EndGlobal
